
Microsoft Visual Studio Solution File, Format Version 12.00
# Visual Studio Version 17
VisualStudioVersion = 17.6.33723.286
MinimumVisualStudioVersion = 10.0.40219.1
Project("{FAE04EC0-301F-11D3-BF4B-00C04F79EFBC}") = "FcmMessageService", "FcmMessageService\FcmMessageService.csproj", "{DA4F2685-F60E-4348-B33B-CEE9B2901EFC}"
EndProject
Project("{9A19103F-16F7-4668-BE54-9A1E7A4F7556}") = "WebApplication1", "WebApplication1\WebApplication1.csproj", "{EF75C8BE-77F3-4E51-8DCA-D9BB8EE2C70D}"
EndProject
Global
	GlobalSection(SolutionConfigurationPlatforms) = preSolution
		Debug|Any CPU = Debug|Any CPU
		Release|Any CPU = Release|Any CPU
	EndGlobalSection
	GlobalSection(ProjectConfigurationPlatforms) = postSolution
		{DA4F2685-F60E-4348-B33B-CEE9B2901EFC}.Debug|Any CPU.ActiveCfg = Debug|Any CPU
		{DA4F2685-F60E-4348-B33B-CEE9B2901EFC}.Debug|Any CPU.Build.0 = Debug|Any CPU
		{DA4F2685-F60E-4348-B33B-CEE9B2901EFC}.Release|Any CPU.ActiveCfg = Release|Any CPU
		{DA4F2685-F60E-4348-B33B-CEE9B2901EFC}.Release|Any CPU.Build.0 = Release|Any CPU
		{EF75C8BE-77F3-4E51-8DCA-D9BB8EE2C70D}.Debug|Any CPU.ActiveCfg = Debug|Any CPU
		{EF75C8BE-77F3-4E51-8DCA-D9BB8EE2C70D}.Debug|Any CPU.Build.0 = Debug|Any CPU
		{EF75C8BE-77F3-4E51-8DCA-D9BB8EE2C70D}.Release|Any CPU.ActiveCfg = Release|Any CPU
		{EF75C8BE-77F3-4E51-8DCA-D9BB8EE2C70D}.Release|Any CPU.Build.0 = Release|Any CPU
	EndGlobalSection
	GlobalSection(SolutionProperties) = preSolution
		HideSolutionNode = FALSE
	EndGlobalSection
	GlobalSection(ExtensibilityGlobals) = postSolution
		SolutionGuid = {CDA1C1D6-ABEE-4170-9DD4-4B8D467079AB}
	EndGlobalSection
EndGlobal
